
Microsoft Visual Studio Solution File, Format Version 12.00
# Visual Studio Version 17
VisualStudioVersion = 17.9.34902.65
MinimumVisualStudioVersion = 10.0.40219.1
Project("{FAE04EC0-301F-11D3-BF4B-00C04F79EFBC}") = "BrutrussSort", "BrutrussSort\BrutrussSort.csproj", "{76A62199-AC88-4E4C-9C29-004EA4B5B583}"
EndProject
Project("{FAE04EC0-301F-11D3-BF4B-00C04F79EFBC}") = "BrutrussSortTest", "BrutrussSortTest\BrutrussSortTest.csproj", "{162D3A7D-D42F-429C-8A9A-2F2059D00B2F}"
EndProject
Project("{2150E333-8FDC-42A3-9474-1A3956D46DE8}") = "Projektmappenelemente", "Projektmappenelemente", "{AB64FD51-BE25-45E2-8D0F-4C823241D16A}"
	ProjectSection(SolutionItems) = preProject
		README.md = README.md
	EndProjectSection
EndProject
Global
	GlobalSection(SolutionConfigurationPlatforms) = preSolution
		Debug|Any CPU = Debug|Any CPU
		Release|Any CPU = Release|Any CPU
	EndGlobalSection
	GlobalSection(ProjectConfigurationPlatforms) = postSolution
		{76A62199-AC88-4E4C-9C29-004EA4B5B583}.Debug|Any CPU.ActiveCfg = Debug|Any CPU
		{76A62199-AC88-4E4C-9C29-004EA4B5B583}.Debug|Any CPU.Build.0 = Debug|Any CPU
		{76A62199-AC88-4E4C-9C29-004EA4B5B583}.Release|Any CPU.ActiveCfg = Release|Any CPU
		{76A62199-AC88-4E4C-9C29-004EA4B5B583}.Release|Any CPU.Build.0 = Release|Any CPU
		{162D3A7D-D42F-429C-8A9A-2F2059D00B2F}.Debug|Any CPU.ActiveCfg = Debug|Any CPU
		{162D3A7D-D42F-429C-8A9A-2F2059D00B2F}.Debug|Any CPU.Build.0 = Debug|Any CPU
		{162D3A7D-D42F-429C-8A9A-2F2059D00B2F}.Release|Any CPU.ActiveCfg = Release|Any CPU
		{162D3A7D-D42F-429C-8A9A-2F2059D00B2F}.Release|Any CPU.Build.0 = Release|Any CPU
	EndGlobalSection
	GlobalSection(SolutionProperties) = preSolution
		HideSolutionNode = FALSE
	EndGlobalSection
	GlobalSection(ExtensibilityGlobals) = postSolution
		SolutionGuid = {0C007322-34FD-4349-BBA1-E2F83395FA8B}
	EndGlobalSection
EndGlobal
